PODS:
  - URBNJSONDecodable (2.0.1)

DEPENDENCIES:
  - URBNJSONDecodable (from `../`)

EXTERNAL SOURCES:
  URBNJSONDecodable:
    :path: "../"

SPEC CHECKSUMS:
  URBNJSONDecodable: 48ba06862bf85b44026c018d6238f3e5ba16f1e9

PODFILE CHECKSUM: 0e2c0431565c7be4fb18fb0ad2debc4f94175621

COCOAPODS: 1.5.3
